
Microsoft Visual Studio Solution File, Format Version 12.00
# Visual Studio Version 17
VisualStudioVersion = 17.13.35931.197 d17.13
MinimumVisualStudioVersion = 10.0.40219.1
Project("{FAE04EC0-301F-11D3-BF4B-00C04F79EFBC}") = "Personalregister", "Personalregister\Personalregister.csproj", "{00D45705-2E4C-47E2-A8D6-86DAB087FEFB}"
EndProject
Global
	GlobalSection(SolutionConfigurationPlatforms) = preSolution
		Debug|Any CPU = Debug|Any CPU
		Release|Any CPU = Release|Any CPU
	EndGlobalSection
	GlobalSection(ProjectConfigurationPlatforms) = postSolution
		{00D45705-2E4C-47E2-A8D6-86DAB087FEFB}.Debug|Any CPU.ActiveCfg = Debug|Any CPU
		{00D45705-2E4C-47E2-A8D6-86DAB087FEFB}.Debug|Any CPU.Build.0 = Debug|Any CPU
		{00D45705-2E4C-47E2-A8D6-86DAB087FEFB}.Release|Any CPU.ActiveCfg = Release|Any CPU
		{00D45705-2E4C-47E2-A8D6-86DAB087FEFB}.Release|Any CPU.Build.0 = Release|Any CPU
	EndGlobalSection
	GlobalSection(SolutionProperties) = preSolution
		HideSolutionNode = FALSE
	EndGlobalSection
	GlobalSection(ExtensibilityGlobals) = postSolution
		SolutionGuid = {A9823742-481F-4344-A58E-7133653F9A8D}
	EndGlobalSection
EndGlobal
